// !$*UTF8*$!
{
	archiveVersion = 1;
	classes = {
	};
	objectVersion = 56;
	objects = {

/* Begin PBXBuildFile section */
		9E0798C52AAA0A0400852703 /* CommentViewController.swift in Sources */ = {isa = PBXBuildFile; fileRef = 9E0798C42AAA0A0400852703 /* CommentViewController.swift */; };
		9E67DCFE2A9F156100323331 /* AppDelegate.swift in Sources */ = {isa = PBXBuildFile; fileRef = 9E67DCFD2A9F156100323331 /* AppDelegate.swift */; };
		9E67DD002A9F156100323331 /* SceneDelegate.swift in Sources */ = {isa = PBXBuildFile; fileRef = 9E67DCFF2A9F156100323331 /* SceneDelegate.swift */; };
		9E67DD052A9F156100323331 /* Main.storyboard in Resources */ = {isa = PBXBuildFile; fileRef = 9E67DD032A9F156100323331 /* Main.storyboard */; };
		9E67DD072A9F156300323331 /* Assets.xcassets in Resources */ = {isa = PBXBuildFile; fileRef = 9E67DD062A9F156300323331 /* Assets.xcassets */; };
		9E67DD0A2A9F156300323331 /* LaunchScreen.storyboard in Resources */ = {isa = PBXBuildFile; fileRef = 9E67DD082A9F156300323331 /* LaunchScreen.storyboard */; };
		9E67DD122A9F15B300323331 /* LoginViewController.swift in Sources */ = {isa = PBXBuildFile; fileRef = 9E67DD112A9F15B300323331 /* LoginViewController.swift */; };
		9E67DD162A9F164900323331 /* ImageSelectViewController.swift in Sources */ = {isa = PBXBuildFile; fileRef = 9E67DD152A9F164900323331 /* ImageSelectViewController.swift */; };
		9E67DD182A9F16B400323331 /* PostViewController.swift in Sources */ = {isa = PBXBuildFile; fileRef = 9E67DD172A9F16B400323331 /* PostViewController.swift */; };
		9E67DD1A2A9F170000323331 /* SettingViewController.swift in Sources */ = {isa = PBXBuildFile; fileRef = 9E67DD192A9F170000323331 /* SettingViewController.swift */; };
		9E67DD1C2A9F4EE500323331 /* TabBarController.swift in Sources */ = {isa = PBXBuildFile; fileRef = 9E67DD1B2A9F4EE500323331 /* TabBarController.swift */; };
		9E7496AA2AA44C1200F56A41 /* PostData.swift in Sources */ = {isa = PBXBuildFile; fileRef = 9E7496A92AA44C1200F56A41 /* PostData.swift */; };
		9E7496B52AA4591400F56A41 /* PostTableViewCell.swift in Sources */ = {isa = PBXBuildFile; fileRef = 9E7496B32AA4591300F56A41 /* PostTableViewCell.swift */; };
		9E7496B62AA4591400F56A41 /* PostTableViewCell.xib in Resources */ = {isa = PBXBuildFile; fileRef = 9E7496B42AA4591300F56A41 /* PostTableViewCell.xib */; };
		9ECE81752AA47E700016CCAF /* HomeViewController.swift in Sources */ = {isa = PBXBuildFile; fileRef = 9ECE81742AA47E700016CCAF /* HomeViewController.swift */; };
		9EE0A98F2AA367FB006D91D8 /* Const.swift in Sources */ = {isa = PBXBuildFile; fileRef = 9EE0A98E2AA367FB006D91D8 /* Const.swift */; };
		9EFB159C2AAC4CB100FE127C /* GoogleService-Info.plist in Resources */ = {isa = PBXBuildFile; fileRef = 9EFB159B2AAC4CB100FE127C /* GoogleService-Info.plist */; };
		FE81FAF7A9FB2D52FF043E27 /* Pods_Instagram.framework in Frameworks */ = {isa = PBXBuildFile; fileRef = 5DC58C34B3E50A117677C655 /* Pods_Instagram.framework */; };
/* End PBXBuildFile section */

/* Begin PBXFileReference section */
		43F4D0211BAA4BC35E1656A2 /* Pods-Instagram.release.xcconfig */ = {isa = PBXFileReference; includeInIndex = 1; lastKnownFileType = text.xcconfig; name = "Pods-Instagram.release.xcconfig"; path = "Target Support Files/Pods-Instagram/Pods-Instagram.release.xcconfig"; sourceTree = "<group>"; };
		4E7791E84086BF3AF104C53B /* Pods-Instagram.debug.xcconfig */ = {isa = PBXFileReference; includeInIndex = 1; lastKnownFileType = text.xcconfig; name = "Pods-Instagram.debug.xcconfig"; path = "Target Support Files/Pods-Instagram/Pods-Instagram.debug.xcconfig"; sourceTree = "<group>"; };
		5DC58C34B3E50A117677C655 /* Pods_Instagram.framework */ = {isa = PBXFileReference; explicitFileType = wrapper.framework; includeInIndex = 0; path = Pods_Instagram.framework; sourceTree = BUILT_PRODUCTS_DIR; };
		9E0798C42AAA0A0400852703 /* CommentViewController.swift */ = {isa = PBXFileReference; lastKnownFileType = sourcecode.swift; path = CommentViewController.swift; sourceTree = "<group>"; };
		9E67DCFA2A9F156100323331 /* Instagram.app */ = {isa = PBXFileReference; explicitFileType = wrapper.application; includeInIndex = 0; path = Instagram.app; sourceTree = BUILT_PRODUCTS_DIR; };
		9E67DCFD2A9F156100323331 /* AppDelegate.swift */ = {isa = PBXFileReference; lastKnownFileType = sourcecode.swift; path = AppDelegate.swift; sourceTree = "<group>"; };
		9E67DCFF2A9F156100323331 /* SceneDelegate.swift */ = {isa = PBXFileReference; lastKnownFileType = sourcecode.swift; path = SceneDelegate.swift; sourceTree = "<group>"; };
		9E67DD042A9F156100323331 /* Base */ = {isa = PBXFileReference; lastKnownFileType = file.storyboard; name = Base; path = Base.lproj/Main.storyboard; sourceTree = "<group>"; };
		9E67DD062A9F156300323331 /* Assets.xcassets */ = {isa = PBXFileReference; lastKnownFileType = folder.assetcatalog; path = Assets.xcassets; sourceTree = "<group>"; };
		9E67DD092A9F156300323331 /* Base */ = {isa = PBXFileReference; lastKnownFileType = file.storyboard; name = Base; path = Base.lproj/LaunchScreen.storyboard; sourceTree = "<group>"; };
		9E67DD0B2A9F156300323331 /* Info.plist */ = {isa = PBXFileReference; lastKnownFileType = text.plist.xml; path = Info.plist; sourceTree = "<group>"; };
		9E67DD112A9F15B300323331 /* LoginViewController.swift */ = {isa = PBXFileReference; lastKnownFileType = sourcecode.swift; path = LoginViewController.swift; sourceTree = "<group>"; };
		9E67DD152A9F164900323331 /* ImageSelectViewController.swift */ = {isa = PBXFileReference; lastKnownFileType = sourcecode.swift; path = ImageSelectViewController.swift; sourceTree = "<group>"; };
		9E67DD172A9F16B400323331 /* PostViewController.swift */ = {isa = PBXFileReference; lastKnownFileType = sourcecode.swift; path = PostViewController.swift; sourceTree = "<group>"; };
		9E67DD192A9F170000323331 /* SettingViewController.swift */ = {isa = PBXFileReference; lastKnownFileType = sourcecode.swift; path = SettingViewController.swift; sourceTree = "<group>"; };
		9E67DD1B2A9F4EE500323331 /* TabBarController.swift */ = {isa = PBXFileReference; lastKnownFileType = sourcecode.swift; path = TabBarController.swift; sourceTree = "<group>"; };
		9E7496A92AA44C1200F56A41 /* PostData.swift */ = {isa = PBXFileReference; lastKnownFileType = sourcecode.swift; path = PostData.swift; sourceTree = "<group>"; };
		9E7496B32AA4591300F56A41 /* PostTableViewCell.swift */ = {isa = PBXFileReference; lastKnownFileType = sourcecode.swift; path = PostTableViewCell.swift; sourceTree = "<group>"; };
		9E7496B42AA4591300F56A41 /* PostTableViewCell.xib */ = {isa = PBXFileReference; lastKnownFileType = file.xib; path = PostTableViewCell.xib; sourceTree = "<group>"; };
		9ECE81742AA47E700016CCAF /* HomeViewController.swift */ = {isa = PBXFileReference; lastKnownFileType = sourcecode.swift; path = HomeViewController.swift; sourceTree = "<group>"; };
		9EE0A98E2AA367FB006D91D8 /* Const.swift */ = {isa = PBXFileReference; lastKnownFileType = sourcecode.swift; path = Const.swift; sourceTree = "<group>"; };
		9EFB159B2AAC4CB100FE127C /* GoogleService-Info.plist */ = {isa = PBXFileReference; fileEncoding = 4; lastKnownFileType = text.plist.xml; name = "GoogleService-Info.plist"; path = "../../../../../Downloads/GoogleService-Info.plist"; sourceTree = "<group>"; };
/* End PBXFileReference section */

/* Begin PBXFrameworksBuildPhase section */
		9E67DCF72A9F156100323331 /* Frameworks */ = {
			isa = PBXFrameworksBuildPhase;
			buildActionMask = 2147483647;
			files = (
				FE81FAF7A9FB2D52FF043E27 /* Pods_Instagram.framework in Frameworks */,
			);
			runOnlyForDeploymentPostprocessing = 0;
		};
/* End PBXFrameworksBuildPhase section */

/* Begin PBXGroup section */
		709C3F9937AFBA514493DBA2 /* Pods */ = {
			isa = PBXGroup;
			children = (
				4E7791E84086BF3AF104C53B /* Pods-Instagram.debug.xcconfig */,
				43F4D0211BAA4BC35E1656A2 /* Pods-Instagram.release.xcconfig */,
			);
			path = Pods;
			sourceTree = "<group>";
		};
		9E67DCF12A9F156100323331 = {
			isa = PBXGroup;
			children = (
				9E67DCFC2A9F156100323331 /* Instagram */,
				9E67DCFB2A9F156100323331 /* Products */,
				709C3F9937AFBA514493DBA2 /* Pods */,
				BF7AAD3A860FDA9396EF8CB7 /* Frameworks */,
			);
			sourceTree = "<group>";
		};
		9E67DCFB2A9F156100323331 /* Products */ = {
			isa = PBXGroup;
			children = (
				9E67DCFA2A9F156100323331 /* Instagram.app */,
			);
			name = Products;
			sourceTree = "<group>";
		};
		9E67DCFC2A9F156100323331 /* Instagram */ = {
			isa = PBXGroup;
			children = (
				9E67DCFD2A9F156100323331 /* AppDelegate.swift */,
				9E67DCFF2A9F156100323331 /* SceneDelegate.swift */,
				9E67DD192A9F170000323331 /* SettingViewController.swift */,
				9E67DD172A9F16B400323331 /* PostViewController.swift */,
				9E67DD152A9F164900323331 /* ImageSelectViewController.swift */,
				9E67DD112A9F15B300323331 /* LoginViewController.swift */,
				9E67DD032A9F156100323331 /* Main.storyboard */,
				9ECE81742AA47E700016CCAF /* HomeViewController.swift */,
				9E67DD062A9F156300323331 /* Assets.xcassets */,
				9E67DD082A9F156300323331 /* LaunchScreen.storyboard */,
				9E67DD0B2A9F156300323331 /* Info.plist */,
				9EFB159B2AAC4CB100FE127C /* GoogleService-Info.plist */,
				9E67DD1B2A9F4EE500323331 /* TabBarController.swift */,
				9EE0A98E2AA367FB006D91D8 /* Const.swift */,
				9E7496A92AA44C1200F56A41 /* PostData.swift */,
				9E7496B32AA4591300F56A41 /* PostTableViewCell.swift */,
				9E7496B42AA4591300F56A41 /* PostTableViewCell.xib */,
				9E0798C42AAA0A0400852703 /* CommentViewController.swift */,
			);
			path = Instagram;
			sourceTree = "<group>";
		};
		BF7AAD3A860FDA9396EF8CB7 /* Frameworks */ = {
			isa = PBXGroup;
			children = (
				5DC58C34B3E50A117677C655 /* Pods_Instagram.framework */,
			);
			name = Frameworks;
			sourceTree = "<group>";
		};
/* End PBXGroup section */

/* Begin PBXNativeTarget section */
		9E67DCF92A9F156100323331 /* Instagram */ = {
			isa = PBXNativeTarget;
			buildConfigurationList = 9E67DD0E2A9F156300323331 /* Build configuration list for PBXNativeTarget "Instagram" */;
			buildPhases = (
				D3384FF7A35FDA0A98C44389 /* [CP] Check Pods Manifest.lock */,
				9E67DCF62A9F156100323331 /* Sources */,
				9E67DCF72A9F156100323331 /* Frameworks */,
				9E67DCF82A9F156100323331 /* Resources */,
				4FE8EFCCDA60559A2BAE8B03 /* [CP] Embed Pods Frameworks */,
			);
			buildRules = (
			);
			dependencies = (
			);
			name = Instagram;
			productName = Instagram;
			productReference = 9E67DCFA2A9F156100323331 /* Instagram.app */;
			productType = "com.apple.product-type.application";
		};
/* End PBXNativeTarget section */

/* Begin PBXProject section */
		9E67DCF22A9F156100323331 /* Project object */ = {
			isa = PBXProject;
			attributes = {
				BuildIndependentTargetsInParallel = 1;
				LastSwiftUpdateCheck = 1410;
				LastUpgradeCheck = 1410;
				TargetAttributes = {
					9E67DCF92A9F156100323331 = {
						CreatedOnToolsVersion = 14.1;
					};
				};
			};
			buildConfigurationList = 9E67DCF52A9F156100323331 /* Build configuration list for PBXProject "Instagram" */;
			compatibilityVersion = "Xcode 14.0";
			developmentRegion = en;
			hasScannedForEncodings = 0;
			knownRegions = (
				en,
				Base,
			);
			mainGroup = 9E67DCF12A9F156100323331;
			productRefGroup = 9E67DCFB2A9F156100323331 /* Products */;
			projectDirPath = "";
			projectRoot = "";
			targets = (
				9E67DCF92A9F156100323331 /* Instagram */,
			);
		};
/* End PBXProject section */

/* Begin PBXResourcesBuildPhase section */
		9E67DCF82A9F156100323331 /* Resources */ = {
			isa = PBXResourcesBuildPhase;
			buildActionMask = 2147483647;
			files = (
				9E67DD0A2A9F156300323331 /* LaunchScreen.storyboard in Resources */,
				9E7496B62AA4591400F56A41 /* PostTableViewCell.xib in Resources */,
				9EFB159C2AAC4CB100FE127C /* GoogleService-Info.plist in Resources */,
				9E67DD072A9F156300323331 /* Assets.xcassets in Resources */,
				9E67DD052A9F156100323331 /* Main.storyboard in Resources */,
			);
			runOnlyForDeploymentPostprocessing = 0;
		};
/* End PBXResourcesBuildPhase section */

/* Begin PBXShellScriptBuildPhase section */
		4FE8EFCCDA60559A2BAE8B03 /* [CP] Embed Pods Frameworks */ = {
			isa = PBXShellScriptBuildPhase;
			buildActionMask = 2147483647;
			files = (
			);
			inputFileListPaths = (
				"${PODS_ROOT}/Target Support Files/Pods-Instagram/Pods-Instagram-frameworks-${CONFIGURATION}-input-files.xcfilelist",
			);
			name = "[CP] Embed Pods Frameworks";
			outputFileListPaths = (
				"${PODS_ROOT}/Target Support Files/Pods-Instagram/Pods-Instagram-frameworks-${CONFIGURATION}-output-files.xcfilelist",
			);
			runOnlyForDeploymentPostprocessing = 0;
			shellPath = /bin/sh;
			shellScript = "\"${PODS_ROOT}/Target Support Files/Pods-Instagram/Pods-Instagram-frameworks.sh\"\n";
			showEnvVarsInLog = 0;
		};
		D3384FF7A35FDA0A98C44389 /* [CP] Check Pods Manifest.lock */ = {
			isa = PBXShellScriptBuildPhase;
			buildActionMask = 2147483647;
			files = (
			);
			inputFileListPaths = (
			);
			inputPaths = (
				"${PODS_PODFILE_DIR_PATH}/Podfile.lock",
				"${PODS_ROOT}/Manifest.lock",
			);
			name = "[CP] Check Pods Manifest.lock";
			outputFileListPaths = (
			);
			outputPaths = (
				"$(DERIVED_FILE_DIR)/Pods-Instagram-checkManifestLockResult.txt",
			);
			runOnlyForDeploymentPostprocessing = 0;
			shellPath = /bin/sh;
			shellScript = "diff \"${PODS_PODFILE_DIR_PATH}/Podfile.lock\" \"${PODS_ROOT}/Manifest.lock\" > /dev/null\nif [ $? != 0 ] ; then\n    # print error to STDERR\n    echo \"error: The sandbox is not in sync with the Podfile.lock. Run 'pod install' or update your CocoaPods installation.\" >&2\n    exit 1\nfi\n# This output is used by Xcode 'outputs' to avoid re-running this script phase.\necho \"SUCCESS\" > \"${SCRIPT_OUTPUT_FILE_0}\"\n";
			showEnvVarsInLog = 0;
		};
/* End PBXShellScriptBuildPhase section */

/* Begin PBXSourcesBuildPhase section */
		9E67DCF62A9F156100323331 /* Sources */ = {
			isa = PBXSourcesBuildPhase;
			buildActionMask = 2147483647;
			files = (
				9E7496B52AA4591400F56A41 /* PostTableViewCell.swift in Sources */,
				9E67DD162A9F164900323331 /* ImageSelectViewController.swift in Sources */,
				9E67DD1C2A9F4EE500323331 /* TabBarController.swift in Sources */,
				9E67DD182A9F16B400323331 /* PostViewController.swift in Sources */,
				9E67DD1A2A9F170000323331 /* SettingViewController.swift in Sources */,
				9E7496AA2AA44C1200F56A41 /* PostData.swift in Sources */,
				9E67DD122A9F15B300323331 /* LoginViewController.swift in Sources */,
				9ECE81752AA47E700016CCAF /* HomeViewController.swift in Sources */,
				9E0798C52AAA0A0400852703 /* CommentViewController.swift in Sources */,
				9E67DCFE2A9F156100323331 /* AppDelegate.swift in Sources */,
				9E67DD002A9F156100323331 /* SceneDelegate.swift in Sources */,
				9EE0A98F2AA367FB006D91D8 /* Const.swift in Sources */,
			);
			runOnlyForDeploymentPostprocessing = 0;
		};
/* End PBXSourcesBuildPhase section */

/* Begin PBXVariantGroup section */
		9E67DD032A9F156100323331 /* Main.storyboard */ = {
			isa = PBXVariantGroup;
			children = (
				9E67DD042A9F156100323331 /* Base */,
			);
			name = Main.storyboard;
			sourceTree = "<group>";
		};
		9E67DD082A9F156300323331 /* LaunchScreen.storyboard */ = {
			isa = PBXVariantGroup;
			children = (
				9E67DD092A9F156300323331 /* Base */,
			);
			name = LaunchScreen.storyboard;
			sourceTree = "<group>";
		};
/* End PBXVariantGroup section */

/* Begin XCBuildConfiguration section */
		9E67DD0C2A9F156300323331 /* Debug */ = {
			isa = XCBuildConfiguration;
			buildSettings = {
				ALWAYS_SEARCH_USER_PATHS = NO;
				CLANG_ANALYZER_NONNULL = YES;
				CLANG_ANALYZER_NUMBER_OBJECT_CONVERSION = YES_AGGRESSIVE;
				CLANG_CXX_LANGUAGE_STANDARD = "gnu++20";
				CLANG_ENABLE_MODULES = YES;
				CLANG_ENABLE_OBJC_ARC = YES;
				CLANG_ENABLE_OBJC_WEAK = YES;
				CLANG_WARN_BLOCK_CAPTURE_AUTORELEASING = YES;
				CLANG_WARN_BOOL_CONVERSION = YES;
				CLANG_WARN_COMMA = YES;
				CLANG_WARN_CONSTANT_CONVERSION = YES;
				CLANG_WARN_DEPRECATED_OBJC_IMPLEMENTATIONS = YES;
				CLANG_WARN_DIRECT_OBJC_ISA_USAGE = YES_ERROR;
				CLANG_WARN_DOCUMENTATION_COMMENTS = YES;
				CLANG_WARN_EMPTY_BODY = YES;
				CLANG_WARN_ENUM_CONVERSION = YES;
				CLANG_WARN_INFINITE_RECURSION = YES;
				CLANG_WARN_INT_CONVERSION = YES;
				CLANG_WARN_NON_LITERAL_NULL_CONVERSION = YES;
				CLANG_WARN_OBJC_IMPLICIT_RETAIN_SELF = YES;
				CLANG_WARN_OBJC_LITERAL_CONVERSION = YES;
				CLANG_WARN_OBJC_ROOT_CLASS = YES_ERROR;
				CLANG_WARN_QUOTED_INCLUDE_IN_FRAMEWORK_HEADER = YES;
				CLANG_WARN_RANGE_LOOP_ANALYSIS = YES;
				CLANG_WARN_STRICT_PROTOTYPES = YES;
				CLANG_WARN_SUSPICIOUS_MOVE = YES;
				CLANG_WARN_UNGUARDED_AVAILABILITY = YES_AGGRESSIVE;
				CLANG_WARN_UNREACHABLE_CODE = YES;
				CLANG_WARN__DUPLICATE_METHOD_MATCH = YES;
				COPY_PHASE_STRIP = NO;
				DEBUG_INFORMATION_FORMAT = dwarf;
				ENABLE_STRICT_OBJC_MSGSEND = YES;
				ENABLE_TESTABILITY = YES;
				GCC_C_LANGUAGE_STANDARD = gnu11;
				GCC_DYNAMIC_NO_PIC = NO;
				GCC_NO_COMMON_BLOCKS = YES;
				GCC_OPTIMIZATION_LEVEL = 0;
				GCC_PREPROCESSOR_DEFINITIONS = (
					"DEBUG=1",
					"$(inherited)",
				);
				GCC_WARN_64_TO_32_BIT_CONVERSION = YES;
				GCC_WARN_ABOUT_RETURN_TYPE = YES_ERROR;
				GCC_WARN_UNDECLARED_SELECTOR = YES;
				GCC_WARN_UNINITIALIZED_AUTOS = YES_AGGRESSIVE;
				GCC_WARN_UNUSED_FUNCTION = YES;
				GCC_WARN_UNUSED_VARIABLE = YES;
				IPHONEOS_DEPLOYMENT_TARGET = 16.1;
				MTL_ENABLE_DEBUG_INFO = INCLUDE_SOURCE;
				MTL_FAST_MATH = YES;
				ONLY_ACTIVE_ARCH = YES;
				SDKROOT = iphoneos;
				SWIFT_ACTIVE_COMPILATION_CONDITIONS = DEBUG;
				SWIFT_OPTIMIZATION_LEVEL = "-Onone";
			};
			name = Debug;
		};
		9E67DD0D2A9F156300323331 /* Release */ = {
			isa = XCBuildConfiguration;
			buildSettings = {
				ALWAYS_SEARCH_USER_PATHS = NO;
				CLANG_ANALYZER_NONNULL = YES;
				CLANG_ANALYZER_NUMBER_OBJECT_CONVERSION = YES_AGGRESSIVE;
				CLANG_CXX_LANGUAGE_STANDARD = "gnu++20";
				CLANG_ENABLE_MODULES = YES;
				CLANG_ENABLE_OBJC_ARC = YES;
				CLANG_ENABLE_OBJC_WEAK = YES;
				CLANG_WARN_BLOCK_CAPTURE_AUTORELEASING = YES;
				CLANG_WARN_BOOL_CONVERSION = YES;
				CLANG_WARN_COMMA = YES;
				CLANG_WARN_CONSTANT_CONVERSION = YES;
				CLANG_WARN_DEPRECATED_OBJC_IMPLEMENTATIONS = YES;
				CLANG_WARN_DIRECT_OBJC_ISA_USAGE = YES_ERROR;
				CLANG_WARN_DOCUMENTATION_COMMENTS = YES;
				CLANG_WARN_EMPTY_BODY = YES;
				CLANG_WARN_ENUM_CONVERSION = YES;
				CLANG_WARN_INFINITE_RECURSION = YES;
				CLANG_WARN_INT_CONVERSION = YES;
				CLANG_WARN_NON_LITERAL_NULL_CONVERSION = YES;
				CLANG_WARN_OBJC_IMPLICIT_RETAIN_SELF = YES;
				CLANG_WARN_OBJC_LITERAL_CONVERSION = YES;
				CLANG_WARN_OBJC_ROOT_CLASS = YES_ERROR;
				CLANG_WARN_QUOTED_INCLUDE_IN_FRAMEWORK_HEADER = YES;
				CLANG_WARN_RANGE_LOOP_ANALYSIS = YES;
				CLANG_WARN_STRICT_PROTOTYPES = YES;
				CLANG_WARN_SUSPICIOUS_MOVE = YES;
				CLANG_WARN_UNGUARDED_AVAILABILITY = YES_AGGRESSIVE;
				CLANG_WARN_UNREACHABLE_CODE = YES;
				CLANG_WARN__DUPLICATE_METHOD_MATCH = YES;
				COPY_PHASE_STRIP = NO;
				DEBUG_INFORMATION_FORMAT = "dwarf-with-dsym";
				ENABLE_NS_ASSERTIONS = NO;
				ENABLE_STRICT_OBJC_MSGSEND = YES;
				GCC_C_LANGUAGE_STANDARD = gnu11;
				GCC_NO_COMMON_BLOCKS = YES;
				GCC_WARN_64_TO_32_BIT_CONVERSION = YES;
				GCC_WARN_ABOUT_RETURN_TYPE = YES_ERROR;
				GCC_WARN_UNDECLARED_SELECTOR = YES;
				GCC_WARN_UNINITIALIZED_AUTOS = YES_AGGRESSIVE;
				GCC_WARN_UNUSED_FUNCTION = YES;
				GCC_WARN_UNUSED_VARIABLE = YES;
				IPHONEOS_DEPLOYMENT_TARGET = 16.1;
				MTL_ENABLE_DEBUG_INFO = NO;
				MTL_FAST_MATH = YES;
				SDKROOT = iphoneos;
				SWIFT_COMPILATION_MODE = wholemodule;
				SWIFT_OPTIMIZATION_LEVEL = "-O";
				VALIDATE_PRODUCT = YES;
			};
			name = Release;
		};
		9E67DD0F2A9F156300323331 /* Debug */ = {
			isa = XCBuildConfiguration;
			baseConfigurationReference = 4E7791E84086BF3AF104C53B /* Pods-Instagram.debug.xcconfig */;
			buildSettings = {
				ASSETCATALOG_COMPILER_APPICON_NAME = AppIcon;
				ASSETCATALOG_COMPILER_GLOBAL_ACCENT_COLOR_NAME = AccentColor;
				CODE_SIGN_STYLE = Automatic;
				CURRENT_PROJECT_VERSION = 1;
				DEVELOPMENT_TEAM = VXA28SVJDV;
				GENERATE_INFOPLIST_FILE = YES;
				INFOPLIST_FILE = Instagram/Info.plist;
				INFOPLIST_KEY_NSCameraUsageDescription = "本アプリは、画像の投稿及び編集のため、カメラの使用許可を求めます。";
				INFOPLIST_KEY_UIApplicationSupportsIndirectInputEvents = YES;
				INFOPLIST_KEY_UILaunchStoryboardName = LaunchScreen;
				INFOPLIST_KEY_UIMainStoryboardFile = Main;
				INFOPLIST_KEY_UISupportedInterfaceOrientations = UIInterfaceOrientationPortrait;
				INFOPLIST_KEY_UISupportedInterfaceOrientations_iPad = "UIInterfaceOrientationLandscapeLeft UIInterfaceOrientationLandscapeRight UIInterfaceOrientationPortrait UIInterfaceOrientationPortraitUpsideDown";
				LD_RUNPATH_SEARCH_PATHS = (
					"$(inherited)",
					"@executable_path/Frameworks",
				);
				MARKETING_VERSION = 1.0;
				PRODUCT_BUNDLE_IDENTIFIER = jp.techacadmy.TAstd22guA.Instagram;
				PRODUCT_NAME = "$(TARGET_NAME)";
				SUPPORTED_PLATFORMS = "iphoneos iphonesimulator";
				SUPPORTS_MACCATALYST = NO;
				SUPPORTS_MAC_DESIGNED_FOR_IPHONE_IPAD = NO;
				SWIFT_EMIT_LOC_STRINGS = YES;
				SWIFT_VERSION = 5.0;
				TARGETED_DEVICE_FAMILY = 1;
			};
			name = Debug;
		};
		9E67DD102A9F156300323331 /* Release */ = {
			isa = XCBuildConfiguration;
			baseConfigurationReference = 43F4D0211BAA4BC35E1656A2 /* Pods-Instagram.release.xcconfig */;
			buildSettings = {
				ASSETCATALOG_COMPILER_APPICON_NAME = AppIcon;
				ASSETCATALOG_COMPILER_GLOBAL_ACCENT_COLOR_NAME = AccentColor;
				CODE_SIGN_STYLE = Automatic;
				CURRENT_PROJECT_VERSION = 1;
				DEVELOPMENT_TEAM = VXA28SVJDV;
				GENERATE_INFOPLIST_FILE = YES;
				INFOPLIST_FILE = Instagram/Info.plist;
				INFOPLIST_KEY_NSCameraUsageDescription = "本アプリは、画像の投稿及び編集のため、カメラの使用許可を求めます。";
				INFOPLIST_KEY_UIApplicationSupportsIndirectInputEvents = YES;
				INFOPLIST_KEY_UILaunchStoryboardName = LaunchScreen;
				INFOPLIST_KEY_UIMainStoryboardFile = Main;
				INFOPLIST_KEY_UISupportedInterfaceOrientations = UIInterfaceOrientationPortrait;
				INFOPLIST_KEY_UISupportedInterfaceOrientations_iPad = "UIInterfaceOrientationLandscapeLeft UIInterfaceOrientationLandscapeRight UIInterfaceOrientationPortrait UIInterfaceOrientationPortraitUpsideDown";
				LD_RUNPATH_SEARCH_PATHS = (
					"$(inherited)",
					"@executable_path/Frameworks",
				);
				MARKETING_VERSION = 1.0;
				PRODUCT_BUNDLE_IDENTIFIER = jp.techacadmy.TAstd22guA.Instagram;
				PRODUCT_NAME = "$(TARGET_NAME)";
				SUPPORTED_PLATFORMS = "iphoneos iphonesimulator";
				SUPPORTS_MACCATALYST = NO;
				SUPPORTS_MAC_DESIGNED_FOR_IPHONE_IPAD = NO;
				SWIFT_EMIT_LOC_STRINGS = YES;
				SWIFT_VERSION = 5.0;
				TARGETED_DEVICE_FAMILY = 1;
			};
			name = Release;
		};
/* End XCBuildConfiguration section */

/* Begin XCConfigurationList section */
		9E67DCF52A9F156100323331 /* Build configuration list for PBXProject "Instagram" */ = {
			isa = XCConfigurationList;
			buildConfigurations = (
				9E67DD0C2A9F156300323331 /* Debug */,
				9E67DD0D2A9F156300323331 /* Release */,
			);
			defaultConfigurationIsVisible = 0;
			defaultConfigurationName = Release;
		};
		9E67DD0E2A9F156300323331 /* Build configuration list for PBXNativeTarget "Instagram" */ = {
			isa = XCConfigurationList;
			buildConfigurations = (
				9E67DD0F2A9F156300323331 /* Debug */,
				9E67DD102A9F156300323331 /* Release */,
			);
			defaultConfigurationIsVisible = 0;
			defaultConfigurationName = Release;
		};
/* End XCConfigurationList section */
	};
	rootObject = 9E67DCF22A9F156100323331 /* Project object */;
}
